{
  "requires": true,
  "lockfileVersion": 1,
  "dependencies": {
    "vue-select": {
      "version": "2.6.3",
      "resolved": "https://registry.npmjs.org/vue-select/-/vue-select-2.6.3.tgz",
      "integrity": "sha512-0zZ0/LEe9mNcDVKPiGSDun2qJ0e51ts5Z9f17XyL6bPMzw6rxNYPpx+fcSZsbfNYxwXuK3q4uFkucybw/EeQcA=="
    }
  }
}
